
Microsoft Visual Studio Solution File, Format Version 12.00
# Visual Studio Version 16
VisualStudioVersion = 16.0.30002.166
MinimumVisualStudioVersion = 10.0.40219.1
Project("{FAE04EC0-301F-11D3-BF4B-00C04F79EFBC}") = "GolfTrackerAPI", "GolfTrackerAPI.csproj", "{2E7C5967-6A02-4941-9687-A1ABAF76D45A}"
EndProject
Global
	GlobalSection(SolutionConfigurationPlatforms) = preSolution
		Debug|Any CPU = Debug|Any CPU
		Release|Any CPU = Release|Any CPU
	EndGlobalSection
	GlobalSection(ProjectConfigurationPlatforms) = postSolution
		{2E7C5967-6A02-4941-9687-A1ABAF76D45A}.Debug|Any CPU.ActiveCfg = Debug|Any CPU
		{2E7C5967-6A02-4941-9687-A1ABAF76D45A}.Debug|Any CPU.Build.0 = Debug|Any CPU
		{2E7C5967-6A02-4941-9687-A1ABAF76D45A}.Release|Any CPU.ActiveCfg = Release|Any CPU
		{2E7C5967-6A02-4941-9687-A1ABAF76D45A}.Release|Any CPU.Build.0 = Release|Any CPU
	EndGlobalSection
	GlobalSection(SolutionProperties) = preSolution
		HideSolutionNode = FALSE
	EndGlobalSection
	GlobalSection(ExtensibilityGlobals) = postSolution
		SolutionGuid = {B2F09C2A-413C-4D6C-B977-B789486DC14A}
	EndGlobalSection
EndGlobal
